schema: '2.0'
stages:
  generate_texts:
    cmd: poetry run python -m src.data.generate_texts data/raw/generated.json data/raw/prompt.json
    deps:
    - path: src/data/generate_texts.py
      hash: md5
      md5: bc25f57fe757312128fbe8bf05dbee6d
      size: 4261
    outs:
    - path: data/raw/generated.json
      hash: md5
      md5: a4b5726d4a9de586dbd04c2a9147590c
      size: 46578
    - path: data/raw/prompt.json
      hash: md5
      md5: bc3c082b2437cfdbdcc67201e50ffa2e
      size: 795
